<?xml version="1.0" encoding="utf-8"?>
<Project ToolsVersion="4.0" xmlns="http://schemas.microsoft.com/developer/msbuild/2003">
  <ItemGroup>
    <Filter Include="Source Files">
      <UniqueIdentifier>{4FC737F1-C7A5-4376-A066-2A32D752A2FF}</UniqueIdentifier>
      <Extensions>cpp;c;cc;cxx;def;odl;idl;hpj;bat;asm;asmx</Extensions>
    </Filter>
    <Filter Include="Header Files">
      <UniqueIdentifier>{93995380-89BD-4b04-88EB-625FBE52EBFB}</UniqueIdentifier>
      <Extensions>h;hh;hpp;hxx;hm;inl;inc;ipp;xsd</Extensions>
    </Filter>
    <Filter Include="Resource Files">
      <UniqueIdentifier>{67DA6AB6-F800-4c08-8B7A-83BB121AAD01}</UniqueIdentifier>
      <Extensions>rc;ico;cur;bmp;dlg;rc2;rct;bin;rgs;gif;jpg;jpeg;jpe;resx;tiff;tif;png;wav;mfcribbon-ms</Extensions>
    </Filter>
  </ItemGroup>
  <ItemGroup>
    <ClCompile Include="main.cpp">
      <Filter>Source Files</Filter>
    </ClCompile>
    <ClCompile Include="camera.cpp">
      <Filter>Source Files</Filter>
    </ClCompile>
    <ClCompile Include="cube.cpp">
      <Filter>Source Files</Filter>
    </ClCompile>
    <ClCompile Include="cubeGrid.cpp">
      <Filter>Source Files</Filter>
    </ClCompile>
    <ClCompile Include="point.cpp">
      <Filter>Source Files</Filter>
    </ClCompile>
    <ClCompile Include="testscene.cpp">
      <Filter>Source Files</Filter>
    </ClCompile>
    <ClCompile Include="PolyShip.cpp">
      <Filter>Source Files</Filter>
    </ClCompile>
    <ClCompile Include="PolyGrid.cpp">
      <Filter>Source Files</Filter>
    </ClCompile>
    <ClCompile Include="PolyMissile.cpp">
      <Filter>Source Files</Filter>
    </ClCompile>
    <ClCompile Include="PolyEnemy.cpp">
      <Filter>Source Files</Filter>
    </ClCompile>
    <ClCompile Include="PolyBarrier.cpp">
      <Filter>Source Files</Filter>
    </ClCompile>
    <ClCompile Include="PolyAsteroid.cpp">
      <Filter>Source Files</Filter>
    </ClCompile>
    <ClCompile Include="PolyBoss.cpp">
      <Filter>Source Files</Filter>
    </ClCompile>
    <ClCompile Include="PolyEnemyBouncer.cpp">
      <Filter>Source Files</Filter>
    </ClCompile>
    <ClCompile Include="PolyShieldUp.cpp">
      <Filter>Source Files</Filter>
    </ClCompile>
    <ClCompile Include="PolyHealthUp.cpp">
      <Filter>Source Files</Filter>
    </ClCompile>
  </ItemGroup>
  <ItemGroup>
    <ClInclude Include="camera.h">
      <Filter>Source Files</Filter>
    </ClInclude>
    <ClInclude Include="cube.h">
      <Filter>Source Files</Filter>
    </ClInclude>
    <ClInclude Include="cubeGrid.h">
      <Filter>Source Files</Filter>
    </ClInclude>
    <ClInclude Include="point.h">
      <Filter>Source Files</Filter>
    </ClInclude>
    <ClInclude Include="testscene.h">
      <Filter>Source Files</Filter>
    </ClInclude>
    <ClInclude Include="PolyShip.h">
      <Filter>Header Files</Filter>
    </ClInclude>
    <ClInclude Include="PolyGrid.h">
      <Filter>Header Files</Filter>
    </ClInclude>
    <ClInclude Include="PolyMissile.h">
      <Filter>Header Files</Filter>
    </ClInclude>
    <ClInclude Include="PolyEnemy.h">
      <Filter>Header Files</Filter>
    </ClInclude>
    <ClInclude Include="PolyBarrier.h">
      <Filter>Header Files</Filter>
    </ClInclude>
    <ClInclude Include="PolyAsteroid.h">
      <Filter>Header Files</Filter>
    </ClInclude>
    <ClInclude Include="PolyBoss.h">
      <Filter>Header Files</Filter>
    </ClInclude>
    <ClInclude Include="PolyEnemyBouncer.h">
      <Filter>Header Files</Filter>
    </ClInclude>
    <ClInclude Include="PolyShieldUp.h">
      <Filter>Header Files</Filter>
    </ClInclude>
    <ClInclude Include="PolyHealthUp.h">
      <Filter>Header Files</Filter>
    </ClInclude>
  </ItemGroup>
  <ItemGroup>
    <Font Include="Retro Gaming.ttf">
      <Filter>Resource Files</Filter>
    </Font>
  </ItemGroup>
  <ItemGroup>
    <Media Include="Resources\SFX_20.mp3">
      <Filter>Resource Files</Filter>
    </Media>
    <Media Include="Resources\JDB_City_of_Night.wav">
      <Filter>Resource Files</Filter>
    </Media>
    <Media Include="Resources\JDB_City_of_Night_Seq.wav">
      <Filter>Resource Files</Filter>
    </Media>
    <Media Include="Resources\JDB_Wicked.wav">
      <Filter>Resource Files</Filter>
    </Media>
    <Media Include="Resources\JDB_Wicked_Reprise.wav">
      <Filter>Resource Files</Filter>
    </Media>
    <Media Include="Resources\SFX_1.wav">
      <Filter>Resource Files</Filter>
    </Media>
    <Media Include="Resources\SFX_4.wav">
      <Filter>Resource Files</Filter>
    </Media>
    <Media Include="Resources\SFX_20.wav">
      <Filter>Resource Files</Filter>
    </Media>
    <Media Include="Resources\SFX_3.wav">
      <Filter>Resource Files</Filter>
    </Media>
  </ItemGroup>
  <ItemGroup>
    <None Include="Resources\openal32.dll">
      <Filter>Resource Files</Filter>
    </None>
  </ItemGroup>
</Project>